
Microsoft Visual Studio Solution File, Format Version 12.00
# Visual Studio Version 16
VisualStudioVersion = 16.0.30621.155
MinimumVisualStudioVersion = 10.0.40219.1
Project("{FAE04EC0-301F-11D3-BF4B-00C04F79EFBC}") = "Aethebot.Web", "Aethebot.Web\Aethebot.Web.csproj", "{A94EA573-AB44-478A-A5D3-CAC09DF428C3}"
EndProject
Project("{FAE04EC0-301F-11D3-BF4B-00C04F79EFBC}") = "Aethebot.Worker", "Aethebot.Worker\Aethebot.Worker.csproj", "{16403AC3-102F-4E9E-A356-A9D860EE13B6}"
EndProject
Global
	GlobalSection(SolutionConfigurationPlatforms) = preSolution
		Debug|Any CPU = Debug|Any CPU
		Release|Any CPU = Release|Any CPU
	EndGlobalSection
	GlobalSection(ProjectConfigurationPlatforms) = postSolution
		{A94EA573-AB44-478A-A5D3-CAC09DF428C3}.Debug|Any CPU.ActiveCfg = Debug|Any CPU
		{A94EA573-AB44-478A-A5D3-CAC09DF428C3}.Debug|Any CPU.Build.0 = Debug|Any CPU
		{A94EA573-AB44-478A-A5D3-CAC09DF428C3}.Release|Any CPU.ActiveCfg = Release|Any CPU
		{A94EA573-AB44-478A-A5D3-CAC09DF428C3}.Release|Any CPU.Build.0 = Release|Any CPU
		{16403AC3-102F-4E9E-A356-A9D860EE13B6}.Debug|Any CPU.ActiveCfg = Debug|Any CPU
		{16403AC3-102F-4E9E-A356-A9D860EE13B6}.Debug|Any CPU.Build.0 = Debug|Any CPU
		{16403AC3-102F-4E9E-A356-A9D860EE13B6}.Release|Any CPU.ActiveCfg = Release|Any CPU
		{16403AC3-102F-4E9E-A356-A9D860EE13B6}.Release|Any CPU.Build.0 = Release|Any CPU
	EndGlobalSection
	GlobalSection(SolutionProperties) = preSolution
		HideSolutionNode = FALSE
	EndGlobalSection
	GlobalSection(ExtensibilityGlobals) = postSolution
		SolutionGuid = {DDCF7951-E38D-4875-9ED8-3D156043DD6D}
	EndGlobalSection
EndGlobal
